// !$*UTF8*$!
{
	archiveVersion = 1;
	classes = {
	};
	objectVersion = 50;
	objects = {

/* Begin PBXBuildFile section */
		8465545D26B10A50004AFF50 /* AppDelegate.swift in Sources */ = {isa = PBXBuildFile; fileRef = 8465545C26B10A50004AFF50 /* AppDelegate.swift */; };
		8465545F26B10A50004AFF50 /* SceneDelegate.swift in Sources */ = {isa = PBXBuildFile; fileRef = 8465545E26B10A50004AFF50 /* SceneDelegate.swift */; };
		8465546126B10A50004AFF50 /* ViewController.swift in Sources */ = {isa = PBXBuildFile; fileRef = 8465546026B10A50004AFF50 /* ViewController.swift */; };
		8465546426B10A50004AFF50 /* Main.storyboard in Resources */ = {isa = PBXBuildFile; fileRef = 8465546226B10A50004AFF50 /* Main.storyboard */; };
		8465546626B10A52004AFF50 /* Assets.xcassets in Resources */ = {isa = PBXBuildFile; fileRef = 8465546526B10A52004AFF50 /* Assets.xcassets */; };
		8465546926B10A52004AFF50 /* LaunchScreen.storyboard in Resources */ = {isa = PBXBuildFile; fileRef = 8465546726B10A52004AFF50 /* LaunchScreen.storyboard */; };
		8465547A26B178B6004AFF50 /* Extensions.swift in Sources */ = {isa = PBXBuildFile; fileRef = 8465547926B178B6004AFF50 /* Extensions.swift */; };
		8465547D26B17DA9004AFF50 /* HeaderTableViewCell.swift in Sources */ = {isa = PBXBuildFile; fileRef = 8465547B26B17DA9004AFF50 /* HeaderTableViewCell.swift */; };
		8465547E26B17DA9004AFF50 /* HeaderTableViewCell.xib in Resources */ = {isa = PBXBuildFile; fileRef = 8465547C26B17DA9004AFF50 /* HeaderTableViewCell.xib */; };
/* End PBXBuildFile section */

/* Begin PBXFileReference section */
		8465545926B10A50004AFF50 /* ExpandableTableView-Example.app */ = {isa = PBXFileReference; explicitFileType = wrapper.application; includeInIndex = 0; path = "ExpandableTableView-Example.app"; sourceTree = BUILT_PRODUCTS_DIR; };
		8465545C26B10A50004AFF50 /* AppDelegate.swift */ = {isa = PBXFileReference; lastKnownFileType = sourcecode.swift; path = AppDelegate.swift; sourceTree = "<group>"; };
		8465545E26B10A50004AFF50 /* SceneDelegate.swift */ = {isa = PBXFileReference; lastKnownFileType = sourcecode.swift; path = SceneDelegate.swift; sourceTree = "<group>"; };
		8465546026B10A50004AFF50 /* ViewController.swift */ = {isa = PBXFileReference; lastKnownFileType = sourcecode.swift; path = ViewController.swift; sourceTree = "<group>"; };
		8465546326B10A50004AFF50 /* Base */ = {isa = PBXFileReference; lastKnownFileType = file.storyboard; name = Base; path = Base.lproj/Main.storyboard; sourceTree = "<group>"; };
		8465546526B10A52004AFF50 /* Assets.xcassets */ = {isa = PBXFileReference; lastKnownFileType = folder.assetcatalog; path = Assets.xcassets; sourceTree = "<group>"; };
		8465546826B10A52004AFF50 /* Base */ = {isa = PBXFileReference; lastKnownFileType = file.storyboard; name = Base; path = Base.lproj/LaunchScreen.storyboard; sourceTree = "<group>"; };
		8465546A26B10A52004AFF50 /* Info.plist */ = {isa = PBXFileReference; lastKnownFileType = text.plist.xml; path = Info.plist; sourceTree = "<group>"; };
		8465547926B178B6004AFF50 /* Extensions.swift */ = {isa = PBXFileReference; lastKnownFileType = sourcecode.swift; path = Extensions.swift; sourceTree = "<group>"; };
		8465547B26B17DA9004AFF50 /* HeaderTableViewCell.swift */ = {isa = PBXFileReference; lastKnownFileType = sourcecode.swift; path = HeaderTableViewCell.swift; sourceTree = "<group>"; };
		8465547C26B17DA9004AFF50 /* HeaderTableViewCell.xib */ = {isa = PBXFileReference; lastKnownFileType = file.xib; path = HeaderTableViewCell.xib; sourceTree = "<group>"; };
/* End PBXFileReference section */

/* Begin PBXFrameworksBuildPhase section */
		8465545626B10A50004AFF50 /* Frameworks */ = {
			isa = PBXFrameworksBuildPhase;
			buildActionMask = 2147483647;
			files = (
			);
			runOnlyForDeploymentPostprocessing = 0;
		};
/* End PBXFrameworksBuildPhase section */

/* Begin PBXGroup section */
		8465545026B10A50004AFF50 = {
			isa = PBXGroup;
			children = (
				8465545B26B10A50004AFF50 /* ExpandableTableView-Example */,
				8465545A26B10A50004AFF50 /* Products */,
			);
			sourceTree = "<group>";
		};
		8465545A26B10A50004AFF50 /* Products */ = {
			isa = PBXGroup;
			children = (
				8465545926B10A50004AFF50 /* ExpandableTableView-Example.app */,
			);
			name = Products;
			sourceTree = "<group>";
		};
		8465545B26B10A50004AFF50 /* ExpandableTableView-Example */ = {
			isa = PBXGroup;
			children = (
				8465547026B10A6D004AFF50 /* Delegate */,
				8465547226B10AD8004AFF50 /* Controller */,
				8465547326B10AE2004AFF50 /* Storyboard */,
				8465547126B10A9C004AFF50 /* Global */,
			);
			path = "ExpandableTableView-Example";
			sourceTree = "<group>";
		};
		8465547026B10A6D004AFF50 /* Delegate */ = {
			isa = PBXGroup;
			children = (
				8465545C26B10A50004AFF50 /* AppDelegate.swift */,
				8465545E26B10A50004AFF50 /* SceneDelegate.swift */,
			);
			path = Delegate;
			sourceTree = "<group>";
		};
		8465547126B10A9C004AFF50 /* Global */ = {
			isa = PBXGroup;
			children = (
				8465546526B10A52004AFF50 /* Assets.xcassets */,
				8465546726B10A52004AFF50 /* LaunchScreen.storyboard */,
				8465546A26B10A52004AFF50 /* Info.plist */,
				8465547926B178B6004AFF50 /* Extensions.swift */,
			);
			path = Global;
			sourceTree = "<group>";
		};
		8465547226B10AD8004AFF50 /* Controller */ = {
			isa = PBXGroup;
			children = (
				8465546026B10A50004AFF50 /* ViewController.swift */,
			);
			path = Controller;
			sourceTree = "<group>";
		};
		8465547326B10AE2004AFF50 /* Storyboard */ = {
			isa = PBXGroup;
			children = (
				8465546226B10A50004AFF50 /* Main.storyboard */,
				8465547F26B17DB3004AFF50 /* HeaderTableViewCell */,
			);
			path = Storyboard;
			sourceTree = "<group>";
		};
		8465547F26B17DB3004AFF50 /* HeaderTableViewCell */ = {
			isa = PBXGroup;
			children = (
				8465547B26B17DA9004AFF50 /* HeaderTableViewCell.swift */,
				8465547C26B17DA9004AFF50 /* HeaderTableViewCell.xib */,
			);
			path = HeaderTableViewCell;
			sourceTree = "<group>";
		};
/* End PBXGroup section */

/* Begin PBXNativeTarget section */
		8465545826B10A50004AFF50 /* ExpandableTableView-Example */ = {
			isa = PBXNativeTarget;
			buildConfigurationList = 8465546D26B10A52004AFF50 /* Build configuration list for PBXNativeTarget "ExpandableTableView-Example" */;
			buildPhases = (
				8465545526B10A50004AFF50 /* Sources */,
				8465545626B10A50004AFF50 /* Frameworks */,
				8465545726B10A50004AFF50 /* Resources */,
			);
			buildRules = (
			);
			dependencies = (
			);
			name = "ExpandableTableView-Example";
			productName = "ExpandableTableView-Example";
			productReference = 8465545926B10A50004AFF50 /* ExpandableTableView-Example.app */;
			productType = "com.apple.product-type.application";
		};
/* End PBXNativeTarget section */

/* Begin PBXProject section */
		8465545126B10A50004AFF50 /* Project object */ = {
			isa = PBXProject;
			attributes = {
				LastSwiftUpdateCheck = 1140;
				LastUpgradeCheck = 1140;
				ORGANIZATIONNAME = "Success Resource Pte Ltd.";
				TargetAttributes = {
					8465545826B10A50004AFF50 = {
						CreatedOnToolsVersion = 11.4.1;
					};
				};
			};
			buildConfigurationList = 8465545426B10A50004AFF50 /* Build configuration list for PBXProject "ExpandableTableView-Example" */;
			compatibilityVersion = "Xcode 9.3";
			developmentRegion = en;
			hasScannedForEncodings = 0;
			knownRegions = (
				en,
				Base,
			);
			mainGroup = 8465545026B10A50004AFF50;
			productRefGroup = 8465545A26B10A50004AFF50 /* Products */;
			projectDirPath = "";
			projectRoot = "";
			targets = (
				8465545826B10A50004AFF50 /* ExpandableTableView-Example */,
			);
		};
/* End PBXProject section */

/* Begin PBXResourcesBuildPhase section */
		8465545726B10A50004AFF50 /* Resources */ = {
			isa = PBXResourcesBuildPhase;
			buildActionMask = 2147483647;
			files = (
				8465546926B10A52004AFF50 /* LaunchScreen.storyboard in Resources */,
				8465546626B10A52004AFF50 /* Assets.xcassets in Resources */,
				8465547E26B17DA9004AFF50 /* HeaderTableViewCell.xib in Resources */,
				8465546426B10A50004AFF50 /* Main.storyboard in Resources */,
			);
			runOnlyForDeploymentPostprocessing = 0;
		};
/* End PBXResourcesBuildPhase section */

/* Begin PBXSourcesBuildPhase section */
		8465545526B10A50004AFF50 /* Sources */ = {
			isa = PBXSourcesBuildPhase;
			buildActionMask = 2147483647;
			files = (
				8465547A26B178B6004AFF50 /* Extensions.swift in Sources */,
				8465546126B10A50004AFF50 /* ViewController.swift in Sources */,
				8465545D26B10A50004AFF50 /* AppDelegate.swift in Sources */,
				8465547D26B17DA9004AFF50 /* HeaderTableViewCell.swift in Sources */,
				8465545F26B10A50004AFF50 /* SceneDelegate.swift in Sources */,
			);
			runOnlyForDeploymentPostprocessing = 0;
		};
/* End PBXSourcesBuildPhase section */

/* Begin PBXVariantGroup section */
		8465546226B10A50004AFF50 /* Main.storyboard */ = {
			isa = PBXVariantGroup;
			children = (
				8465546326B10A50004AFF50 /* Base */,
			);
			name = Main.storyboard;
			sourceTree = "<group>";
		};
		8465546726B10A52004AFF50 /* LaunchScreen.storyboard */ = {
			isa = PBXVariantGroup;
			children = (
				8465546826B10A52004AFF50 /* Base */,
			);
			name = LaunchScreen.storyboard;
			sourceTree = "<group>";
		};
/* End PBXVariantGroup section */

/* Begin XCBuildConfiguration section */
		8465546B26B10A52004AFF50 /* Debug */ = {
			isa = XCBuildConfiguration;
			buildSettings = {
				ALWAYS_SEARCH_USER_PATHS = NO;
				CLANG_ANALYZER_NONNULL = YES;
				CLANG_ANALYZER_NUMBER_OBJECT_CONVERSION = YES_AGGRESSIVE;
				CLANG_CXX_LANGUAGE_STANDARD = "gnu++14";
				CLANG_CXX_LIBRARY = "libc++";
				CLANG_ENABLE_MODULES = YES;
				CLANG_ENABLE_OBJC_ARC = YES;
				CLANG_ENABLE_OBJC_WEAK = YES;
				CLANG_WARN_BLOCK_CAPTURE_AUTORELEASING = YES;
				CLANG_WARN_BOOL_CONVERSION = YES;
				CLANG_WARN_COMMA = YES;
				CLANG_WARN_CONSTANT_CONVERSION = YES;
				CLANG_WARN_DEPRECATED_OBJC_IMPLEMENTATIONS = YES;
				CLANG_WARN_DIRECT_OBJC_ISA_USAGE = YES_ERROR;
				CLANG_WARN_DOCUMENTATION_COMMENTS = YES;
				CLANG_WARN_EMPTY_BODY = YES;
				CLANG_WARN_ENUM_CONVERSION = YES;
				CLANG_WARN_INFINITE_RECURSION = YES;
				CLANG_WARN_INT_CONVERSION = YES;
				CLANG_WARN_NON_LITERAL_NULL_CONVERSION = YES;
				CLANG_WARN_OBJC_IMPLICIT_RETAIN_SELF = YES;
				CLANG_WARN_OBJC_LITERAL_CONVERSION = YES;
				CLANG_WARN_OBJC_ROOT_CLASS = YES_ERROR;
				CLANG_WARN_RANGE_LOOP_ANALYSIS = YES;
				CLANG_WARN_STRICT_PROTOTYPES = YES;
				CLANG_WARN_SUSPICIOUS_MOVE = YES;
				CLANG_WARN_UNGUARDED_AVAILABILITY = YES_AGGRESSIVE;
				CLANG_WARN_UNREACHABLE_CODE = YES;
				CLANG_WARN__DUPLICATE_METHOD_MATCH = YES;
				COPY_PHASE_STRIP = NO;
				DEBUG_INFORMATION_FORMAT = dwarf;
				ENABLE_STRICT_OBJC_MSGSEND = YES;
				ENABLE_TESTABILITY = YES;
				GCC_C_LANGUAGE_STANDARD = gnu11;
				GCC_DYNAMIC_NO_PIC = NO;
				GCC_NO_COMMON_BLOCKS = YES;
				GCC_OPTIMIZATION_LEVEL = 0;
				GCC_PREPROCESSOR_DEFINITIONS = (
					"DEBUG=1",
					"$(inherited)",
				);
				GCC_WARN_64_TO_32_BIT_CONVERSION = YES;
				GCC_WARN_ABOUT_RETURN_TYPE = YES_ERROR;
				GCC_WARN_UNDECLARED_SELECTOR = YES;
				GCC_WARN_UNINITIALIZED_AUTOS = YES_AGGRESSIVE;
				GCC_WARN_UNUSED_FUNCTION = YES;
				GCC_WARN_UNUSED_VARIABLE = YES;
				IPHONEOS_DEPLOYMENT_TARGET = 13.4;
				MTL_ENABLE_DEBUG_INFO = INCLUDE_SOURCE;
				MTL_FAST_MATH = YES;
				ONLY_ACTIVE_ARCH = YES;
				SDKROOT = iphoneos;
				SWIFT_ACTIVE_COMPILATION_CONDITIONS = DEBUG;
				SWIFT_OPTIMIZATION_LEVEL = "-Onone";
			};
			name = Debug;
		};
		8465546C26B10A52004AFF50 /* Release */ = {
			isa = XCBuildConfiguration;
			buildSettings = {
				ALWAYS_SEARCH_USER_PATHS = NO;
				CLANG_ANALYZER_NONNULL = YES;
				CLANG_ANALYZER_NUMBER_OBJECT_CONVERSION = YES_AGGRESSIVE;
				CLANG_CXX_LANGUAGE_STANDARD = "gnu++14";
				CLANG_CXX_LIBRARY = "libc++";
				CLANG_ENABLE_MODULES = YES;
				CLANG_ENABLE_OBJC_ARC = YES;
				CLANG_ENABLE_OBJC_WEAK = YES;
				CLANG_WARN_BLOCK_CAPTURE_AUTORELEASING = YES;
				CLANG_WARN_BOOL_CONVERSION = YES;
				CLANG_WARN_COMMA = YES;
				CLANG_WARN_CONSTANT_CONVERSION = YES;
				CLANG_WARN_DEPRECATED_OBJC_IMPLEMENTATIONS = YES;
				CLANG_WARN_DIRECT_OBJC_ISA_USAGE = YES_ERROR;
				CLANG_WARN_DOCUMENTATION_COMMENTS = YES;
				CLANG_WARN_EMPTY_BODY = YES;
				CLANG_WARN_ENUM_CONVERSION = YES;
				CLANG_WARN_INFINITE_RECURSION = YES;
				CLANG_WARN_INT_CONVERSION = YES;
				CLANG_WARN_NON_LITERAL_NULL_CONVERSION = YES;
				CLANG_WARN_OBJC_IMPLICIT_RETAIN_SELF = YES;
				CLANG_WARN_OBJC_LITERAL_CONVERSION = YES;
				CLANG_WARN_OBJC_ROOT_CLASS = YES_ERROR;
				CLANG_WARN_RANGE_LOOP_ANALYSIS = YES;
				CLANG_WARN_STRICT_PROTOTYPES = YES;
				CLANG_WARN_SUSPICIOUS_MOVE = YES;
				CLANG_WARN_UNGUARDED_AVAILABILITY = YES_AGGRESSIVE;
				CLANG_WARN_UNREACHABLE_CODE = YES;
				CLANG_WARN__DUPLICATE_METHOD_MATCH = YES;
				COPY_PHASE_STRIP = NO;
				DEBUG_INFORMATION_FORMAT = "dwarf-with-dsym";
				ENABLE_NS_ASSERTIONS = NO;
				ENABLE_STRICT_OBJC_MSGSEND = YES;
				GCC_C_LANGUAGE_STANDARD = gnu11;
				GCC_NO_COMMON_BLOCKS = YES;
				GCC_WARN_64_TO_32_BIT_CONVERSION = YES;
				GCC_WARN_ABOUT_RETURN_TYPE = YES_ERROR;
				GCC_WARN_UNDECLARED_SELECTOR = YES;
				GCC_WARN_UNINITIALIZED_AUTOS = YES_AGGRESSIVE;
				GCC_WARN_UNUSED_FUNCTION = YES;
				GCC_WARN_UNUSED_VARIABLE = YES;
				IPHONEOS_DEPLOYMENT_TARGET = 13.4;
				MTL_ENABLE_DEBUG_INFO = NO;
				MTL_FAST_MATH = YES;
				SDKROOT = iphoneos;
				SWIFT_COMPILATION_MODE = wholemodule;
				SWIFT_OPTIMIZATION_LEVEL = "-O";
				VALIDATE_PRODUCT = YES;
			};
			name = Release;
		};
		8465546E26B10A52004AFF50 /* Debug */ = {
			isa = XCBuildConfiguration;
			buildSettings = {
				ASSETCATALOG_COMPILER_APPICON_NAME = AppIcon;
				CODE_SIGN_STYLE = Automatic;
				INFOPLIST_FILE = "ExpandableTableView-Example/Global/Info.plist";
				LD_RUNPATH_SEARCH_PATHS = (
					"$(inherited)",
					"@executable_path/Frameworks",
				);
				PRODUCT_BUNDLE_IDENTIFIER = "com.sr.ExpandableTableView-Example";
				PRODUCT_NAME = "$(TARGET_NAME)";
				SWIFT_VERSION = 5.0;
				TARGETED_DEVICE_FAMILY = "1,2";
			};
			name = Debug;
		};
		8465546F26B10A52004AFF50 /* Release */ = {
			isa = XCBuildConfiguration;
			buildSettings = {
				ASSETCATALOG_COMPILER_APPICON_NAME = AppIcon;
				CODE_SIGN_STYLE = Automatic;
				INFOPLIST_FILE = "ExpandableTableView-Example/Global/Info.plist";
				LD_RUNPATH_SEARCH_PATHS = (
					"$(inherited)",
					"@executable_path/Frameworks",
				);
				PRODUCT_BUNDLE_IDENTIFIER = "com.sr.ExpandableTableView-Example";
				PRODUCT_NAME = "$(TARGET_NAME)";
				SWIFT_VERSION = 5.0;
				TARGETED_DEVICE_FAMILY = "1,2";
			};
			name = Release;
		};
/* End XCBuildConfiguration section */

/* Begin XCConfigurationList section */
		8465545426B10A50004AFF50 /* Build configuration list for PBXProject "ExpandableTableView-Example" */ = {
			isa = XCConfigurationList;
			buildConfigurations = (
				8465546B26B10A52004AFF50 /* Debug */,
				8465546C26B10A52004AFF50 /* Release */,
			);
			defaultConfigurationIsVisible = 0;
			defaultConfigurationName = Release;
		};
		8465546D26B10A52004AFF50 /* Build configuration list for PBXNativeTarget "ExpandableTableView-Example" */ = {
			isa = XCConfigurationList;
			buildConfigurations = (
				8465546E26B10A52004AFF50 /* Debug */,
				8465546F26B10A52004AFF50 /* Release */,
			);
			defaultConfigurationIsVisible = 0;
			defaultConfigurationName = Release;
		};
/* End XCConfigurationList section */
	};
	rootObject = 8465545126B10A50004AFF50 /* Project object */;
}
